
Microsoft Visual Studio Solution File, Format Version 12.00
# Visual Studio Version 17
VisualStudioVersion = 17.0.31903.59
MinimumVisualStudioVersion = 10.0.40219.1
Project("{2150E333-8FDC-42A3-9474-1A3956D46DE8}") = "src", "src", "{827E0CD3-B72D-47B6-A68D-7590B98EB39B}"
EndProject
Project("{FAE04EC0-301F-11D3-BF4B-00C04F79EFBC}") = "AutoFeed.Core", "src\AutoFeed.Core\AutoFeed.Core.csproj", "{F3DF9F9B-F312-4968-8DEC-552D905734DB}"
EndProject
Project("{FAE04EC0-301F-11D3-BF4B-00C04F79EFBC}") = "ServersideQoL.AutoFeed", "src\ServersideQoL.AutoFeed\ServersideQoL.AutoFeed.csproj", "{8EA1EAC1-117D-429C-82DA-6E9C2BDD4866}"
EndProject
Project("{2150E333-8FDC-42A3-9474-1A3956D46DE8}") = "tests", "tests", "{0AB3BF05-4346-4AA6-1389-037BE0695223}"
EndProject
Project("{FAE04EC0-301F-11D3-BF4B-00C04F79EFBC}") = "AutoFeed.Core.Tests", "tests\AutoFeed.Core.Tests\AutoFeed.Core.Tests.csproj", "{27550F25-07B9-463B-9276-5A37019C1EF1}"
EndProject
Global
	GlobalSection(SolutionConfigurationPlatforms) = preSolution
		Debug|Any CPU = Debug|Any CPU
		Debug|x64 = Debug|x64
		Debug|x86 = Debug|x86
		Release|Any CPU = Release|Any CPU
		Release|x64 = Release|x64
		Release|x86 = Release|x86
	EndGlobalSection
	GlobalSection(ProjectConfigurationPlatforms) = postSolution
		{F3DF9F9B-F312-4968-8DEC-552D905734DB}.Debug|Any CPU.ActiveCfg = Debug|Any CPU
		{F3DF9F9B-F312-4968-8DEC-552D905734DB}.Debug|Any CPU.Build.0 = Debug|Any CPU
		{F3DF9F9B-F312-4968-8DEC-552D905734DB}.Debug|x64.ActiveCfg = Debug|Any CPU
		{F3DF9F9B-F312-4968-8DEC-552D905734DB}.Debug|x64.Build.0 = Debug|Any CPU
		{F3DF9F9B-F312-4968-8DEC-552D905734DB}.Debug|x86.ActiveCfg = Debug|Any CPU
		{F3DF9F9B-F312-4968-8DEC-552D905734DB}.Debug|x86.Build.0 = Debug|Any CPU
		{F3DF9F9B-F312-4968-8DEC-552D905734DB}.Release|Any CPU.ActiveCfg = Release|Any CPU
		{F3DF9F9B-F312-4968-8DEC-552D905734DB}.Release|Any CPU.Build.0 = Release|Any CPU
		{F3DF9F9B-F312-4968-8DEC-552D905734DB}.Release|x64.ActiveCfg = Release|Any CPU
		{F3DF9F9B-F312-4968-8DEC-552D905734DB}.Release|x64.Build.0 = Release|Any CPU
		{F3DF9F9B-F312-4968-8DEC-552D905734DB}.Release|x86.ActiveCfg = Release|Any CPU
		{F3DF9F9B-F312-4968-8DEC-552D905734DB}.Release|x86.Build.0 = Release|Any CPU
		{8EA1EAC1-117D-429C-82DA-6E9C2BDD4866}.Debug|Any CPU.ActiveCfg = Debug|Any CPU
		{8EA1EAC1-117D-429C-82DA-6E9C2BDD4866}.Debug|Any CPU.Build.0 = Debug|Any CPU
		{8EA1EAC1-117D-429C-82DA-6E9C2BDD4866}.Debug|x64.ActiveCfg = Debug|Any CPU
		{8EA1EAC1-117D-429C-82DA-6E9C2BDD4866}.Debug|x64.Build.0 = Debug|Any CPU
		{8EA1EAC1-117D-429C-82DA-6E9C2BDD4866}.Debug|x86.ActiveCfg = Debug|Any CPU
		{8EA1EAC1-117D-429C-82DA-6E9C2BDD4866}.Debug|x86.Build.0 = Debug|Any CPU
		{8EA1EAC1-117D-429C-82DA-6E9C2BDD4866}.Release|Any CPU.ActiveCfg = Release|Any CPU
		{8EA1EAC1-117D-429C-82DA-6E9C2BDD4866}.Release|Any CPU.Build.0 = Release|Any CPU
		{8EA1EAC1-117D-429C-82DA-6E9C2BDD4866}.Release|x64.ActiveCfg = Release|Any CPU
		{8EA1EAC1-117D-429C-82DA-6E9C2BDD4866}.Release|x64.Build.0 = Release|Any CPU
		{8EA1EAC1-117D-429C-82DA-6E9C2BDD4866}.Release|x86.ActiveCfg = Release|Any CPU
		{8EA1EAC1-117D-429C-82DA-6E9C2BDD4866}.Release|x86.Build.0 = Release|Any CPU
		{27550F25-07B9-463B-9276-5A37019C1EF1}.Debug|Any CPU.ActiveCfg = Debug|Any CPU
		{27550F25-07B9-463B-9276-5A37019C1EF1}.Debug|Any CPU.Build.0 = Debug|Any CPU
		{27550F25-07B9-463B-9276-5A37019C1EF1}.Debug|x64.ActiveCfg = Debug|Any CPU
		{27550F25-07B9-463B-9276-5A37019C1EF1}.Debug|x64.Build.0 = Debug|Any CPU
		{27550F25-07B9-463B-9276-5A37019C1EF1}.Debug|x86.ActiveCfg = Debug|Any CPU
		{27550F25-07B9-463B-9276-5A37019C1EF1}.Debug|x86.Build.0 = Debug|Any CPU
		{27550F25-07B9-463B-9276-5A37019C1EF1}.Release|Any CPU.ActiveCfg = Release|Any CPU
		{27550F25-07B9-463B-9276-5A37019C1EF1}.Release|Any CPU.Build.0 = Release|Any CPU
		{27550F25-07B9-463B-9276-5A37019C1EF1}.Release|x64.ActiveCfg = Release|Any CPU
		{27550F25-07B9-463B-9276-5A37019C1EF1}.Release|x64.Build.0 = Release|Any CPU
		{27550F25-07B9-463B-9276-5A37019C1EF1}.Release|x86.ActiveCfg = Release|Any CPU
		{27550F25-07B9-463B-9276-5A37019C1EF1}.Release|x86.Build.0 = Release|Any CPU
	EndGlobalSection
	GlobalSection(SolutionProperties) = preSolution
		HideSolutionNode = FALSE
	EndGlobalSection
	GlobalSection(NestedProjects) = preSolution
		{F3DF9F9B-F312-4968-8DEC-552D905734DB} = {827E0CD3-B72D-47B6-A68D-7590B98EB39B}
		{8EA1EAC1-117D-429C-82DA-6E9C2BDD4866} = {827E0CD3-B72D-47B6-A68D-7590B98EB39B}
		{27550F25-07B9-463B-9276-5A37019C1EF1} = {0AB3BF05-4346-4AA6-1389-037BE0695223}
	EndGlobalSection
EndGlobal
